
Microsoft Visual Studio Solution File, Format Version 12.00
# Visual Studio Version 16
VisualStudioVersion = 16.0.31129.286
MinimumVisualStudioVersion = 10.0.40219.1
Project("{FAE04EC0-301F-11D3-BF4B-00C04F79EFBC}") = "Trees", "Trees\Trees.csproj", "{3732877F-5E59-44DE-B632-7539E676AB7E}"
EndProject
Project("{FAE04EC0-301F-11D3-BF4B-00C04F79EFBC}") = "BST", "BST\BST.csproj", "{6A9AC757-777E-47BE-AF19-4D8D0159033F}"
EndProject
Global
	GlobalSection(SolutionConfigurationPlatforms) = preSolution
		Debug|Any CPU = Debug|Any CPU
		Release|Any CPU = Release|Any CPU
	EndGlobalSection
	GlobalSection(ProjectConfigurationPlatforms) = postSolution
		{3732877F-5E59-44DE-B632-7539E676AB7E}.Debug|Any CPU.ActiveCfg = Debug|Any CPU
		{3732877F-5E59-44DE-B632-7539E676AB7E}.Debug|Any CPU.Build.0 = Debug|Any CPU
		{3732877F-5E59-44DE-B632-7539E676AB7E}.Release|Any CPU.ActiveCfg = Release|Any CPU
		{3732877F-5E59-44DE-B632-7539E676AB7E}.Release|Any CPU.Build.0 = Release|Any CPU
		{6A9AC757-777E-47BE-AF19-4D8D0159033F}.Debug|Any CPU.ActiveCfg = Debug|Any CPU
		{6A9AC757-777E-47BE-AF19-4D8D0159033F}.Debug|Any CPU.Build.0 = Debug|Any CPU
		{6A9AC757-777E-47BE-AF19-4D8D0159033F}.Release|Any CPU.ActiveCfg = Release|Any CPU
		{6A9AC757-777E-47BE-AF19-4D8D0159033F}.Release|Any CPU.Build.0 = Release|Any CPU
	EndGlobalSection
	GlobalSection(SolutionProperties) = preSolution
		HideSolutionNode = FALSE
	EndGlobalSection
	GlobalSection(ExtensibilityGlobals) = postSolution
		SolutionGuid = {877347C3-1290-44CE-8CC7-1A0015369254}
	EndGlobalSection
EndGlobal
